
Microsoft Visual Studio Solution File, Format Version 12.00
# Visual Studio Version 16
VisualStudioVersion = 16.0.29424.173
MinimumVisualStudioVersion = 10.0.40219.1
Project("{FAE04EC0-301F-11D3-BF4B-00C04F79EFBC}") = "TableStorage", "TableStorage.csproj", "{5907C1D3-CEA2-440E-9034-91A5A9D7B8A3}"
EndProject
Global
	GlobalSection(SolutionConfigurationPlatforms) = preSolution
		Debug|Any CPU = Debug|Any CPU
		Release|Any CPU = Release|Any CPU
	EndGlobalSection
	GlobalSection(ProjectConfigurationPlatforms) = postSolution
		{5907C1D3-CEA2-440E-9034-91A5A9D7B8A3}.Debug|Any CPU.ActiveCfg = Debug|Any CPU
		{5907C1D3-CEA2-440E-9034-91A5A9D7B8A3}.Debug|Any CPU.Build.0 = Debug|Any CPU
		{5907C1D3-CEA2-440E-9034-91A5A9D7B8A3}.Release|Any CPU.ActiveCfg = Release|Any CPU
		{5907C1D3-CEA2-440E-9034-91A5A9D7B8A3}.Release|Any CPU.Build.0 = Release|Any CPU
	EndGlobalSection
	GlobalSection(SolutionProperties) = preSolution
		HideSolutionNode = FALSE
	EndGlobalSection
	GlobalSection(ExtensibilityGlobals) = postSolution
		SolutionGuid = {CDD3B7A8-A76B-49CE-AF0C-DAD9D6912EEC}
	EndGlobalSection
EndGlobal
